{
  "name": "ojs-components",
  "version": "1.0.1",
  "lockfileVersion": 1,
  "requires": true,
  "dependencies": {
    "ojs-core": {
      "version": "1.0.2",
      "resolved": "https://registry.npmjs.org/ojs-core/-/ojs-core-1.0.2.tgz",
      "integrity": "sha512-WohmI8iAaMHTsBEAL4bWTUBemx44t6ZG82Hs5JPLpek0NRccFpQOwgU8ZaQUrvVChTltVU9Tno1ijdOY54thgg=="
    }
  }
}
