{
  "name": "ojs-components",
  "version": "1.0.0",
  "lockfileVersion": 2,
  "requires": true,
  "packages": {
    "": {
      "version": "1.0.0",
      "license": "MIT",
      "dependencies": {
        "ojs-core": "^1.0.1"
      }
    },
    "node_modules/ojs-core": {
      "version": "1.0.1",
      "resolved": "https://registry.npmjs.org/ojs-core/-/ojs-core-1.0.1.tgz",
      "integrity": "sha512-/m4EJFQfxmggrGKIx0BuA31CM6cequpfsU5pTaPYSVHJDY7X6jp7q20eYm5DZnl7Eb2FJNYyKLoIYucBKyU8jg=="
    }
  },
  "dependencies": {
    "ojs-core": {
      "version": "1.0.1",
      "resolved": "https://registry.npmjs.org/ojs-core/-/ojs-core-1.0.1.tgz",
      "integrity": "sha512-/m4EJFQfxmggrGKIx0BuA31CM6cequpfsU5pTaPYSVHJDY7X6jp7q20eYm5DZnl7Eb2FJNYyKLoIYucBKyU8jg=="
    }
  }
}
